
Microsoft Visual Studio Solution File, Format Version 12.00
# Visual Studio Version 17
VisualStudioVersion = 17.14.36518.9 d17.14
MinimumVisualStudioVersion = 10.0.40219.1
Project("{FAE04EC0-301F-11D3-BF4B-00C04F79EFBC}") = "EXAMEN_SOFTWARE_FIALLOS_GUEVRA", "EXAMEN_SOFTWARE_FIALLOS_GUEVRA\EXAMEN_SOFTWARE_FIALLOS_GUEVRA.csproj", "{FDEBA5F9-AD28-4328-8D52-1512B2712E72}"
EndProject
Global
	GlobalSection(SolutionConfigurationPlatforms) = preSolution
		Debug|Any CPU = Debug|Any CPU
		Release|Any CPU = Release|Any CPU
	EndGlobalSection
	GlobalSection(ProjectConfigurationPlatforms) = postSolution
		{FDEBA5F9-AD28-4328-8D52-1512B2712E72}.Debug|Any CPU.ActiveCfg = Debug|Any CPU
		{FDEBA5F9-AD28-4328-8D52-1512B2712E72}.Debug|Any CPU.Build.0 = Debug|Any CPU
		{FDEBA5F9-AD28-4328-8D52-1512B2712E72}.Release|Any CPU.ActiveCfg = Release|Any CPU
		{FDEBA5F9-AD28-4328-8D52-1512B2712E72}.Release|Any CPU.Build.0 = Release|Any CPU
	EndGlobalSection
	GlobalSection(SolutionProperties) = preSolution
		HideSolutionNode = FALSE
	EndGlobalSection
	GlobalSection(ExtensibilityGlobals) = postSolution
		SolutionGuid = {FD124A9A-BE58-4B48-BE1B-C7C7A8D6DF07}
	EndGlobalSection
EndGlobal
